
Microsoft Visual Studio Solution File, Format Version 12.00
Project("{FAE04EC0-301F-11D3-BF4B-00C04F79EFBC}") = "DiscordKiller.Examples", "DiscordKiller.Examples\DiscordKiller.Examples.csproj", "{45185C57-76B9-479A-AA8D-745D95904D52}"
EndProject
Project("{2150E333-8FDC-42A3-9474-1A3956D46DE8}") = "DiscordKiller.Examples.AspNetCore", "DiscordKiller.Examples.AspNetCore", "{A274E191-77BC-40DB-9416-21194586837C}"
EndProject
Project("{FAE04EC0-301F-11D3-BF4B-00C04F79EFBC}") = "DiscordKiller.Examples.AspNetCore.MVC", "DiscordKiller.Examples.AspNetCore\DiscordKiller.Examples.AspNetCore.MVC\DiscordKiller.Examples.AspNetCore.MVC.csproj", "{C9F97972-0137-4202-80A1-1AF4C757B9B3}"
EndProject
Project("{FAE04EC0-301F-11D3-BF4B-00C04F79EFBC}") = "DiscordKiller.Examples.AspNetCore.RazorPages", "DiscordKiller.Examples.AspNetCore\DiscordKiller.Examples.AspNetCore.RazorPages\DiscordKiller.Examples.AspNetCore.RazorPages.csproj", "{70FF7E49-5398-4FC8-882E-31BD85EC680E}"
EndProject
Project("{FAE04EC0-301F-11D3-BF4B-00C04F79EFBC}") = "DiscordKiller.Examples.AspNetCore.BlazorServerApp", "DiscordKiller.Examples.AspNetCore\DiscordKiller.Examples.AspNetCore.BlazorServerApp\DiscordKiller.Examples.AspNetCore.BlazorServerApp.csproj", "{79F0125E-45D0-4306-8F20-9F529F5080B4}"
EndProject
Project("{FAE04EC0-301F-11D3-BF4B-00C04F79EFBC}") = "DiscordKiller.Examples.AspNetCore.BlazorWebAssemblyApp", "DiscordKiller.Examples.AspNetCore\DiscordKiller.Examples.AspNetCore.BlazorWebAssemblyApp\DiscordKiller.Examples.AspNetCore.BlazorWebAssemblyApp.csproj", "{E95D85B4-566B-4C1E-8BD2-976E5824EB1A}"
EndProject
Project("{FAE04EC0-301F-11D3-BF4B-00C04F79EFBC}") = "DiscordKiller.Examples.AspNetCore.WebAPI", "DiscordKiller.Examples.AspNetCore\DiscordKiller.Examples.AspNetCore.WebAPI\DiscordKiller.Examples.AspNetCore.WebAPI.csproj", "{7EADEB14-8DE5-4CDF-936A-DF3776E928C6}"
EndProject
Project("{2150E333-8FDC-42A3-9474-1A3956D46DE8}") = "EfCore", "EfCore", "{C3497D0B-0A72-4E3C-A83F-1959688879F5}"
EndProject
Project("{FAE04EC0-301F-11D3-BF4B-00C04F79EFBC}") = "EfCore.Examples", "EfCore\EfCore.Examples\EfCore.Examples.csproj", "{AA41E7DC-22F3-469E-8775-B08F58F6C0A7}"
EndProject
Global
	GlobalSection(SolutionConfigurationPlatforms) = preSolution
		Debug|Any CPU = Debug|Any CPU
		Release|Any CPU = Release|Any CPU
	EndGlobalSection
	GlobalSection(ProjectConfigurationPlatforms) = postSolution
		{45185C57-76B9-479A-AA8D-745D95904D52}.Debug|Any CPU.ActiveCfg = Debug|Any CPU
		{45185C57-76B9-479A-AA8D-745D95904D52}.Debug|Any CPU.Build.0 = Debug|Any CPU
		{45185C57-76B9-479A-AA8D-745D95904D52}.Release|Any CPU.ActiveCfg = Release|Any CPU
		{45185C57-76B9-479A-AA8D-745D95904D52}.Release|Any CPU.Build.0 = Release|Any CPU
		{C9F97972-0137-4202-80A1-1AF4C757B9B3}.Debug|Any CPU.ActiveCfg = Debug|Any CPU
		{C9F97972-0137-4202-80A1-1AF4C757B9B3}.Debug|Any CPU.Build.0 = Debug|Any CPU
		{C9F97972-0137-4202-80A1-1AF4C757B9B3}.Release|Any CPU.ActiveCfg = Release|Any CPU
		{C9F97972-0137-4202-80A1-1AF4C757B9B3}.Release|Any CPU.Build.0 = Release|Any CPU
		{70FF7E49-5398-4FC8-882E-31BD85EC680E}.Debug|Any CPU.ActiveCfg = Debug|Any CPU
		{70FF7E49-5398-4FC8-882E-31BD85EC680E}.Debug|Any CPU.Build.0 = Debug|Any CPU
		{70FF7E49-5398-4FC8-882E-31BD85EC680E}.Release|Any CPU.ActiveCfg = Release|Any CPU
		{70FF7E49-5398-4FC8-882E-31BD85EC680E}.Release|Any CPU.Build.0 = Release|Any CPU
		{79F0125E-45D0-4306-8F20-9F529F5080B4}.Debug|Any CPU.ActiveCfg = Debug|Any CPU
		{79F0125E-45D0-4306-8F20-9F529F5080B4}.Debug|Any CPU.Build.0 = Debug|Any CPU
		{79F0125E-45D0-4306-8F20-9F529F5080B4}.Release|Any CPU.ActiveCfg = Release|Any CPU
		{79F0125E-45D0-4306-8F20-9F529F5080B4}.Release|Any CPU.Build.0 = Release|Any CPU
		{E95D85B4-566B-4C1E-8BD2-976E5824EB1A}.Debug|Any CPU.ActiveCfg = Debug|Any CPU
		{E95D85B4-566B-4C1E-8BD2-976E5824EB1A}.Debug|Any CPU.Build.0 = Debug|Any CPU
		{E95D85B4-566B-4C1E-8BD2-976E5824EB1A}.Release|Any CPU.ActiveCfg = Release|Any CPU
		{E95D85B4-566B-4C1E-8BD2-976E5824EB1A}.Release|Any CPU.Build.0 = Release|Any CPU
		{7EADEB14-8DE5-4CDF-936A-DF3776E928C6}.Debug|Any CPU.ActiveCfg = Debug|Any CPU
		{7EADEB14-8DE5-4CDF-936A-DF3776E928C6}.Debug|Any CPU.Build.0 = Debug|Any CPU
		{7EADEB14-8DE5-4CDF-936A-DF3776E928C6}.Release|Any CPU.ActiveCfg = Release|Any CPU
		{7EADEB14-8DE5-4CDF-936A-DF3776E928C6}.Release|Any CPU.Build.0 = Release|Any CPU
		{AA41E7DC-22F3-469E-8775-B08F58F6C0A7}.Debug|Any CPU.ActiveCfg = Debug|Any CPU
		{AA41E7DC-22F3-469E-8775-B08F58F6C0A7}.Debug|Any CPU.Build.0 = Debug|Any CPU
		{AA41E7DC-22F3-469E-8775-B08F58F6C0A7}.Release|Any CPU.ActiveCfg = Release|Any CPU
		{AA41E7DC-22F3-469E-8775-B08F58F6C0A7}.Release|Any CPU.Build.0 = Release|Any CPU
	EndGlobalSection
	GlobalSection(NestedProjects) = preSolution
		{C9F97972-0137-4202-80A1-1AF4C757B9B3} = {A274E191-77BC-40DB-9416-21194586837C}
		{70FF7E49-5398-4FC8-882E-31BD85EC680E} = {A274E191-77BC-40DB-9416-21194586837C}
		{79F0125E-45D0-4306-8F20-9F529F5080B4} = {A274E191-77BC-40DB-9416-21194586837C}
		{E95D85B4-566B-4C1E-8BD2-976E5824EB1A} = {A274E191-77BC-40DB-9416-21194586837C}
		{7EADEB14-8DE5-4CDF-936A-DF3776E928C6} = {A274E191-77BC-40DB-9416-21194586837C}
		{AA41E7DC-22F3-469E-8775-B08F58F6C0A7} = {C3497D0B-0A72-4E3C-A83F-1959688879F5}
	EndGlobalSection
EndGlobal
